
Microsoft Visual Studio Solution File, Format Version 12.00
# Visual Studio Version 16
VisualStudioVersion = 16.0.30717.126
MinimumVisualStudioVersion = 10.0.40219.1
Project("{9A19103F-16F7-4668-BE54-9A1E7A4F7556}") = "NoProxy", "NoProxy\NoProxy.csproj", "{F95B9147-BBCF-4E01-8462-0527EB9AF053}"
EndProject
Global
	GlobalSection(SolutionConfigurationPlatforms) = preSolution
		Debug|Any CPU = Debug|Any CPU
		Release|Any CPU = Release|Any CPU
	EndGlobalSection
	GlobalSection(ProjectConfigurationPlatforms) = postSolution
		{F95B9147-BBCF-4E01-8462-0527EB9AF053}.Debug|Any CPU.ActiveCfg = Debug|Any CPU
		{F95B9147-BBCF-4E01-8462-0527EB9AF053}.Debug|Any CPU.Build.0 = Debug|Any CPU
		{F95B9147-BBCF-4E01-8462-0527EB9AF053}.Release|Any CPU.ActiveCfg = Release|Any CPU
		{F95B9147-BBCF-4E01-8462-0527EB9AF053}.Release|Any CPU.Build.0 = Release|Any CPU
	EndGlobalSection
	GlobalSection(SolutionProperties) = preSolution
		HideSolutionNode = FALSE
	EndGlobalSection
	GlobalSection(ExtensibilityGlobals) = postSolution
		SolutionGuid = {C57C5D9F-F3C2-4F3A-94F2-4E0A83FBF1BC}
	EndGlobalSection
EndGlobal
